// !$*UTF8*$!
{
	archiveVersion = 1;
	classes = {
	};
	objectVersion = 46;
	objects = {

/* Begin PBXBuildFile section */
		F186ACCB1BF9A4DC00C119DD /* main.m in Sources */ = {isa = PBXBuildFile; fileRef = F186ACCA1BF9A4DC00C119DD /* main.m */; };
		F186ACCE1BF9A4DC00C119DD /* AppDelegate.m in Sources */ = {isa = PBXBuildFile; fileRef = F186ACCD1BF9A4DC00C119DD /* AppDelegate.m */; };
		F186ACD11BF9A4DC00C119DD /* ViewController.m in Sources */ = {isa = PBXBuildFile; fileRef = F186ACD01BF9A4DC00C119DD /* ViewController.m */; };
		F186ACD41BF9A4DC00C119DD /* Main.storyboard in Resources */ = {isa = PBXBuildFile; fileRef = F186ACD21BF9A4DC00C119DD /* Main.storyboard */; };
		F186ACD61BF9A4DC00C119DD /* Assets.xcassets in Resources */ = {isa = PBXBuildFile; fileRef = F186ACD51BF9A4DC00C119DD /* Assets.xcassets */; };
		F186ACD91BF9A4DC00C119DD /* LaunchScreen.storyboard in Resources */ = {isa = PBXBuildFile; fileRef = F186ACD71BF9A4DC00C119DD /* LaunchScreen.storyboard */; };
		F186ACE31BF9AA0100C119DD /* CustomNavController.m in Sources */ = {isa = PBXBuildFile; fileRef = F186ACE21BF9AA0100C119DD /* CustomNavController.m */; };
		F186ACE61BF9AA3400C119DD /* CustomNavBar.m in Sources */ = {isa = PBXBuildFile; fileRef = F186ACE51BF9AA3400C119DD /* CustomNavBar.m */; };
		F186ACE91BF9ABA300C119DD /* SecondViewController.m in Sources */ = {isa = PBXBuildFile; fileRef = F186ACE81BF9ABA300C119DD /* SecondViewController.m */; };
/* End PBXBuildFile section */

/* Begin PBXFileReference section */
		F186ACC61BF9A4DC00C119DD /* CustomNavController.app */ = {isa = PBXFileReference; explicitFileType = wrapper.application; includeInIndex = 0; path = CustomNavController.app; sourceTree = BUILT_PRODUCTS_DIR; };
		F186ACCA1BF9A4DC00C119DD /* main.m */ = {isa = PBXFileReference; lastKnownFileType = sourcecode.c.objc; path = main.m; sourceTree = "<group>"; };
		F186ACCC1BF9A4DC00C119DD /* AppDelegate.h */ = {isa = PBXFileReference; lastKnownFileType = sourcecode.c.h; path = AppDelegate.h; sourceTree = "<group>"; };
		F186ACCD1BF9A4DC00C119DD /* AppDelegate.m */ = {isa = PBXFileReference; lastKnownFileType = sourcecode.c.objc; path = AppDelegate.m; sourceTree = "<group>"; };
		F186ACCF1BF9A4DC00C119DD /* ViewController.h */ = {isa = PBXFileReference; lastKnownFileType = sourcecode.c.h; path = ViewController.h; sourceTree = "<group>"; };
		F186ACD01BF9A4DC00C119DD /* ViewController.m */ = {isa = PBXFileReference; lastKnownFileType = sourcecode.c.objc; path = ViewController.m; sourceTree = "<group>"; };
		F186ACD31BF9A4DC00C119DD /* Base */ = {isa = PBXFileReference; lastKnownFileType = file.storyboard; name = Base; path = Base.lproj/Main.storyboard; sourceTree = "<group>"; };
		F186ACD51BF9A4DC00C119DD /* Assets.xcassets */ = {isa = PBXFileReference; lastKnownFileType = folder.assetcatalog; path = Assets.xcassets; sourceTree = "<group>"; };
		F186ACD81BF9A4DC00C119DD /* Base */ = {isa = PBXFileReference; lastKnownFileType = file.storyboard; name = Base; path = Base.lproj/LaunchScreen.storyboard; sourceTree = "<group>"; };
		F186ACDA1BF9A4DC00C119DD /* Info.plist */ = {isa = PBXFileReference; lastKnownFileType = text.plist.xml; path = Info.plist; sourceTree = "<group>"; };
		F186ACE11BF9AA0100C119DD /* CustomNavController.h */ = {isa = PBXFileReference; fileEncoding = 4; lastKnownFileType = sourcecode.c.h; path = CustomNavController.h; sourceTree = "<group>"; };
		F186ACE21BF9AA0100C119DD /* CustomNavController.m */ = {isa = PBXFileReference; fileEncoding = 4; lastKnownFileType = sourcecode.c.objc; path = CustomNavController.m; sourceTree = "<group>"; };
		F186ACE41BF9AA3400C119DD /* CustomNavBar.h */ = {isa = PBXFileReference; fileEncoding = 4; lastKnownFileType = sourcecode.c.h; path = CustomNavBar.h; sourceTree = "<group>"; };
		F186ACE51BF9AA3400C119DD /* CustomNavBar.m */ = {isa = PBXFileReference; fileEncoding = 4; lastKnownFileType = sourcecode.c.objc; path = CustomNavBar.m; sourceTree = "<group>"; };
		F186ACE71BF9ABA300C119DD /* SecondViewController.h */ = {isa = PBXFileReference; fileEncoding = 4; lastKnownFileType = sourcecode.c.h; path = SecondViewController.h; sourceTree = "<group>"; };
		F186ACE81BF9ABA300C119DD /* SecondViewController.m */ = {isa = PBXFileReference; fileEncoding = 4; lastKnownFileType = sourcecode.c.objc; path = SecondViewController.m; sourceTree = "<group>"; };
/* End PBXFileReference section */

/* Begin PBXFrameworksBuildPhase section */
		F186ACC31BF9A4DC00C119DD /* Frameworks */ = {
			isa = PBXFrameworksBuildPhase;
			buildActionMask = 2147483647;
			files = (
			);
			runOnlyForDeploymentPostprocessing = 0;
		};
/* End PBXFrameworksBuildPhase section */

/* Begin PBXGroup section */
		F186ACBD1BF9A4DC00C119DD = {
			isa = PBXGroup;
			children = (
				F186ACC81BF9A4DC00C119DD /* CustomNavController */,
				F186ACC71BF9A4DC00C119DD /* Products */,
			);
			sourceTree = "<group>";
		};
		F186ACC71BF9A4DC00C119DD /* Products */ = {
			isa = PBXGroup;
			children = (
				F186ACC61BF9A4DC00C119DD /* CustomNavController.app */,
			);
			name = Products;
			sourceTree = "<group>";
		};
		F186ACC81BF9A4DC00C119DD /* CustomNavController */ = {
			isa = PBXGroup;
			children = (
				F186ACE01BF9A9E400C119DD /* CustomNavController */,
				F186ACCC1BF9A4DC00C119DD /* AppDelegate.h */,
				F186ACCD1BF9A4DC00C119DD /* AppDelegate.m */,
				F186ACCF1BF9A4DC00C119DD /* ViewController.h */,
				F186ACD01BF9A4DC00C119DD /* ViewController.m */,
				F186ACE71BF9ABA300C119DD /* SecondViewController.h */,
				F186ACE81BF9ABA300C119DD /* SecondViewController.m */,
				F186ACD21BF9A4DC00C119DD /* Main.storyboard */,
				F186ACD51BF9A4DC00C119DD /* Assets.xcassets */,
				F186ACD71BF9A4DC00C119DD /* LaunchScreen.storyboard */,
				F186ACDA1BF9A4DC00C119DD /* Info.plist */,
				F186ACC91BF9A4DC00C119DD /* Supporting Files */,
			);
			path = CustomNavController;
			sourceTree = "<group>";
		};
		F186ACC91BF9A4DC00C119DD /* Supporting Files */ = {
			isa = PBXGroup;
			children = (
				F186ACCA1BF9A4DC00C119DD /* main.m */,
			);
			name = "Supporting Files";
			sourceTree = "<group>";
		};
		F186ACE01BF9A9E400C119DD /* CustomNavController */ = {
			isa = PBXGroup;
			children = (
				F186ACE11BF9AA0100C119DD /* CustomNavController.h */,
				F186ACE21BF9AA0100C119DD /* CustomNavController.m */,
				F186ACE41BF9AA3400C119DD /* CustomNavBar.h */,
				F186ACE51BF9AA3400C119DD /* CustomNavBar.m */,
			);
			path = CustomNavController;
			sourceTree = "<group>";
		};
/* End PBXGroup section */

/* Begin PBXNativeTarget section */
		F186ACC51BF9A4DC00C119DD /* CustomNavController */ = {
			isa = PBXNativeTarget;
			buildConfigurationList = F186ACDD1BF9A4DC00C119DD /* Build configuration list for PBXNativeTarget "CustomNavController" */;
			buildPhases = (
				F186ACC21BF9A4DC00C119DD /* Sources */,
				F186ACC31BF9A4DC00C119DD /* Frameworks */,
				F186ACC41BF9A4DC00C119DD /* Resources */,
			);
			buildRules = (
			);
			dependencies = (
			);
			name = CustomNavController;
			productName = CustomNavController;
			productReference = F186ACC61BF9A4DC00C119DD /* CustomNavController.app */;
			productType = "com.apple.product-type.application";
		};
/* End PBXNativeTarget section */

/* Begin PBXProject section */
		F186ACBE1BF9A4DC00C119DD /* Project object */ = {
			isa = PBXProject;
			attributes = {
				LastUpgradeCheck = 0710;
				ORGANIZATIONNAME = Vols;
				TargetAttributes = {
					F186ACC51BF9A4DC00C119DD = {
						CreatedOnToolsVersion = 7.1;
					};
				};
			};
			buildConfigurationList = F186ACC11BF9A4DC00C119DD /* Build configuration list for PBXProject "CustomNavController" */;
			compatibilityVersion = "Xcode 3.2";
			developmentRegion = English;
			hasScannedForEncodings = 0;
			knownRegions = (
				en,
				Base,
			);
			mainGroup = F186ACBD1BF9A4DC00C119DD;
			productRefGroup = F186ACC71BF9A4DC00C119DD /* Products */;
			projectDirPath = "";
			projectRoot = "";
			targets = (
				F186ACC51BF9A4DC00C119DD /* CustomNavController */,
			);
		};
/* End PBXProject section */

/* Begin PBXResourcesBuildPhase section */
		F186ACC41BF9A4DC00C119DD /* Resources */ = {
			isa = PBXResourcesBuildPhase;
			buildActionMask = 2147483647;
			files = (
				F186ACD91BF9A4DC00C119DD /* LaunchScreen.storyboard in Resources */,
				F186ACD61BF9A4DC00C119DD /* Assets.xcassets in Resources */,
				F186ACD41BF9A4DC00C119DD /* Main.storyboard in Resources */,
			);
			runOnlyForDeploymentPostprocessing = 0;
		};
/* End PBXResourcesBuildPhase section */

/* Begin PBXSourcesBuildPhase section */
		F186ACC21BF9A4DC00C119DD /* Sources */ = {
			isa = PBXSourcesBuildPhase;
			buildActionMask = 2147483647;
			files = (
				F186ACE91BF9ABA300C119DD /* SecondViewController.m in Sources */,
				F186ACE31BF9AA0100C119DD /* CustomNavController.m in Sources */,
				F186ACD11BF9A4DC00C119DD /* ViewController.m in Sources */,
				F186ACCE1BF9A4DC00C119DD /* AppDelegate.m in Sources */,
				F186ACCB1BF9A4DC00C119DD /* main.m in Sources */,
				F186ACE61BF9AA3400C119DD /* CustomNavBar.m in Sources */,
			);
			runOnlyForDeploymentPostprocessing = 0;
		};
/* End PBXSourcesBuildPhase section */

/* Begin PBXVariantGroup section */
		F186ACD21BF9A4DC00C119DD /* Main.storyboard */ = {
			isa = PBXVariantGroup;
			children = (
				F186ACD31BF9A4DC00C119DD /* Base */,
			);
			name = Main.storyboard;
			sourceTree = "<group>";
		};
		F186ACD71BF9A4DC00C119DD /* LaunchScreen.storyboard */ = {
			isa = PBXVariantGroup;
			children = (
				F186ACD81BF9A4DC00C119DD /* Base */,
			);
			name = LaunchScreen.storyboard;
			sourceTree = "<group>";
		};
/* End PBXVariantGroup section */

/* Begin XCBuildConfiguration section */
		F186ACDB1BF9A4DC00C119DD /* Debug */ = {
			isa = XCBuildConfiguration;
			buildSettings = {
				ALWAYS_SEARCH_USER_PATHS = NO;
				CLANG_CXX_LANGUAGE_STANDARD = "gnu++0x";
				CLANG_CXX_LIBRARY = "libc++";
				CLANG_ENABLE_MODULES = YES;
				CLANG_ENABLE_OBJC_ARC = YES;
				CLANG_WARN_BOOL_CONVERSION = YES;
				CLANG_WARN_CONSTANT_CONVERSION = YES;
				CLANG_WARN_DIRECT_OBJC_ISA_USAGE = YES_ERROR;
				CLANG_WARN_EMPTY_BODY = YES;
				CLANG_WARN_ENUM_CONVERSION = YES;
				CLANG_WARN_INT_CONVERSION = YES;
				CLANG_WARN_OBJC_ROOT_CLASS = YES_ERROR;
				CLANG_WARN_UNREACHABLE_CODE = YES;
				CLANG_WARN__DUPLICATE_METHOD_MATCH = YES;
				"CODE_SIGN_IDENTITY[sdk=iphoneos*]" = "iPhone Developer";
				COPY_PHASE_STRIP = NO;
				DEBUG_INFORMATION_FORMAT = dwarf;
				ENABLE_STRICT_OBJC_MSGSEND = YES;
				ENABLE_TESTABILITY = YES;
				GCC_C_LANGUAGE_STANDARD = gnu99;
				GCC_DYNAMIC_NO_PIC = NO;
				GCC_NO_COMMON_BLOCKS = YES;
				GCC_OPTIMIZATION_LEVEL = 0;
				GCC_PREPROCESSOR_DEFINITIONS = (
					"DEBUG=1",
					"$(inherited)",
				);
				GCC_WARN_64_TO_32_BIT_CONVERSION = YES;
				GCC_WARN_ABOUT_RETURN_TYPE = YES_ERROR;
				GCC_WARN_UNDECLARED_SELECTOR = YES;
				GCC_WARN_UNINITIALIZED_AUTOS = YES_AGGRESSIVE;
				GCC_WARN_UNUSED_FUNCTION = YES;
				GCC_WARN_UNUSED_VARIABLE = YES;
				IPHONEOS_DEPLOYMENT_TARGET = 9.1;
				MTL_ENABLE_DEBUG_INFO = YES;
				ONLY_ACTIVE_ARCH = YES;
				SDKROOT = iphoneos;
			};
			name = Debug;
		};
		F186ACDC1BF9A4DC00C119DD /* Release */ = {
			isa = XCBuildConfiguration;
			buildSettings = {
				ALWAYS_SEARCH_USER_PATHS = NO;
				CLANG_CXX_LANGUAGE_STANDARD = "gnu++0x";
				CLANG_CXX_LIBRARY = "libc++";
				CLANG_ENABLE_MODULES = YES;
				CLANG_ENABLE_OBJC_ARC = YES;
				CLANG_WARN_BOOL_CONVERSION = YES;
				CLANG_WARN_CONSTANT_CONVERSION = YES;
				CLANG_WARN_DIRECT_OBJC_ISA_USAGE = YES_ERROR;
				CLANG_WARN_EMPTY_BODY = YES;
				CLANG_WARN_ENUM_CONVERSION = YES;
				CLANG_WARN_INT_CONVERSION = YES;
				CLANG_WARN_OBJC_ROOT_CLASS = YES_ERROR;
				CLANG_WARN_UNREACHABLE_CODE = YES;
				CLANG_WARN__DUPLICATE_METHOD_MATCH = YES;
				"CODE_SIGN_IDENTITY[sdk=iphoneos*]" = "iPhone Developer";
				COPY_PHASE_STRIP = NO;
				DEBUG_INFORMATION_FORMAT = "dwarf-with-dsym";
				ENABLE_NS_ASSERTIONS = NO;
				ENABLE_STRICT_OBJC_MSGSEND = YES;
				GCC_C_LANGUAGE_STANDARD = gnu99;
				GCC_NO_COMMON_BLOCKS = YES;
				GCC_WARN_64_TO_32_BIT_CONVERSION = YES;
				GCC_WARN_ABOUT_RETURN_TYPE = YES_ERROR;
				GCC_WARN_UNDECLARED_SELECTOR = YES;
				GCC_WARN_UNINITIALIZED_AUTOS = YES_AGGRESSIVE;
				GCC_WARN_UNUSED_FUNCTION = YES;
				GCC_WARN_UNUSED_VARIABLE = YES;
				IPHONEOS_DEPLOYMENT_TARGET = 9.1;
				MTL_ENABLE_DEBUG_INFO = NO;
				SDKROOT = iphoneos;
				VALIDATE_PRODUCT = YES;
			};
			name = Release;
		};
		F186ACDE1BF9A4DC00C119DD /* Debug */ = {
			isa = XCBuildConfiguration;
			buildSettings = {
				ASSETCATALOG_COMPILER_APPICON_NAME = AppIcon;
				INFOPLIST_FILE = CustomNavController/Info.plist;
				LD_RUNPATH_SEARCH_PATHS = "$(inherited) @executable_path/Frameworks";
				PRODUCT_BUNDLE_IDENTIFIER = com.CustomNavController;
				PRODUCT_NAME = "$(TARGET_NAME)";
			};
			name = Debug;
		};
		F186ACDF1BF9A4DC00C119DD /* Release */ = {
			isa = XCBuildConfiguration;
			buildSettings = {
				ASSETCATALOG_COMPILER_APPICON_NAME = AppIcon;
				INFOPLIST_FILE = CustomNavController/Info.plist;
				LD_RUNPATH_SEARCH_PATHS = "$(inherited) @executable_path/Frameworks";
				PRODUCT_BUNDLE_IDENTIFIER = com.CustomNavController;
				PRODUCT_NAME = "$(TARGET_NAME)";
			};
			name = Release;
		};
/* End XCBuildConfiguration section */

/* Begin XCConfigurationList section */
		F186ACC11BF9A4DC00C119DD /* Build configuration list for PBXProject "CustomNavController" */ = {
			isa = XCConfigurationList;
			buildConfigurations = (
				F186ACDB1BF9A4DC00C119DD /* Debug */,
				F186ACDC1BF9A4DC00C119DD /* Release */,
			);
			defaultConfigurationIsVisible = 0;
			defaultConfigurationName = Release;
		};
		F186ACDD1BF9A4DC00C119DD /* Build configuration list for PBXNativeTarget "CustomNavController" */ = {
			isa = XCConfigurationList;
			buildConfigurations = (
				F186ACDE1BF9A4DC00C119DD /* Debug */,
				F186ACDF1BF9A4DC00C119DD /* Release */,
			);
			defaultConfigurationIsVisible = 0;
		};
/* End XCConfigurationList section */
	};
	rootObject = F186ACBE1BF9A4DC00C119DD /* Project object */;
}
